
Microsoft Visual Studio Solution File, Format Version 12.00
# Visual Studio Version 16
VisualStudioVersion = 16.0.31205.134
MinimumVisualStudioVersion = 10.0.40219.1
Project("{FAE04EC0-301F-11D3-BF4B-00C04F79EFBC}") = "LaboratorioPWA", "LaboratorioPWA\LaboratorioPWA.csproj", "{059012DB-C0B2-4EC7-A24A-B4307D659FD3}"
EndProject
Global
	GlobalSection(SolutionConfigurationPlatforms) = preSolution
		Debug|Any CPU = Debug|Any CPU
		Release|Any CPU = Release|Any CPU
	EndGlobalSection
	GlobalSection(ProjectConfigurationPlatforms) = postSolution
		{059012DB-C0B2-4EC7-A24A-B4307D659FD3}.Debug|Any CPU.ActiveCfg = Debug|Any CPU
		{059012DB-C0B2-4EC7-A24A-B4307D659FD3}.Debug|Any CPU.Build.0 = Debug|Any CPU
		{059012DB-C0B2-4EC7-A24A-B4307D659FD3}.Release|Any CPU.ActiveCfg = Release|Any CPU
		{059012DB-C0B2-4EC7-A24A-B4307D659FD3}.Release|Any CPU.Build.0 = Release|Any CPU
	EndGlobalSection
	GlobalSection(SolutionProperties) = preSolution
		HideSolutionNode = FALSE
	EndGlobalSection
	GlobalSection(ExtensibilityGlobals) = postSolution
		SolutionGuid = {6C4DCAF5-F702-403D-9113-8A7CFC59213A}
	EndGlobalSection
EndGlobal
